
Microsoft Visual Studio Solution File, Format Version 12.00
# Visual Studio 15
VisualStudioVersion = 15.0.27130.2020
MinimumVisualStudioVersion = 10.0.40219.1
Project("{FAE04EC0-301F-11D3-BF4B-00C04F79EFBC}") = "GenericCollectionExamples", "GenericCollectionExamples\GenericCollectionExamples.csproj", "{C9BEA43C-A7E4-4A7A-919D-E9A212FAD9D0}"
EndProject
Global
	GlobalSection(SolutionConfigurationPlatforms) = preSolution
		Debug|Any CPU = Debug|Any CPU
		Release|Any CPU = Release|Any CPU
	EndGlobalSection
	GlobalSection(ProjectConfigurationPlatforms) = postSolution
		{C9BEA43C-A7E4-4A7A-919D-E9A212FAD9D0}.Debug|Any CPU.ActiveCfg = Debug|Any CPU
		{C9BEA43C-A7E4-4A7A-919D-E9A212FAD9D0}.Debug|Any CPU.Build.0 = Debug|Any CPU
		{C9BEA43C-A7E4-4A7A-919D-E9A212FAD9D0}.Release|Any CPU.ActiveCfg = Release|Any CPU
		{C9BEA43C-A7E4-4A7A-919D-E9A212FAD9D0}.Release|Any CPU.Build.0 = Release|Any CPU
	EndGlobalSection
	GlobalSection(SolutionProperties) = preSolution
		HideSolutionNode = FALSE
	EndGlobalSection
	GlobalSection(ExtensibilityGlobals) = postSolution
		SolutionGuid = {6711AB19-9761-46A2-BA33-C5A4429F6806}
	EndGlobalSection
EndGlobal
