
Microsoft Visual Studio Solution File, Format Version 12.00
# Visual Studio 15
VisualStudioVersion = 15.0.27130.2010
MinimumVisualStudioVersion = 10.0.40219.1
Project("{FAE04EC0-301F-11D3-BF4B-00C04F79EFBC}") = "MyFirstApplication", "MyFirstApplication\MyFirstApplication.csproj", "{5E27685B-127F-48C9-8E0D-E492F53EBCBF}"
EndProject
Global
	GlobalSection(SolutionConfigurationPlatforms) = preSolution
		Debug|Any CPU = Debug|Any CPU
		Release|Any CPU = Release|Any CPU
	EndGlobalSection
	GlobalSection(ProjectConfigurationPlatforms) = postSolution
		{5E27685B-127F-48C9-8E0D-E492F53EBCBF}.Debug|Any CPU.ActiveCfg = Debug|Any CPU
		{5E27685B-127F-48C9-8E0D-E492F53EBCBF}.Debug|Any CPU.Build.0 = Debug|Any CPU
		{5E27685B-127F-48C9-8E0D-E492F53EBCBF}.Release|Any CPU.ActiveCfg = Release|Any CPU
		{5E27685B-127F-48C9-8E0D-E492F53EBCBF}.Release|Any CPU.Build.0 = Release|Any CPU
	EndGlobalSection
	GlobalSection(SolutionProperties) = preSolution
		HideSolutionNode = FALSE
	EndGlobalSection
	GlobalSection(ExtensibilityGlobals) = postSolution
		SolutionGuid = {5E4CF0E5-2E29-4F79-ACC1-476B8AF90491}
	EndGlobalSection
EndGlobal
